
Microsoft Visual Studio Solution File, Format Version 12.00
# Visual Studio 14
VisualStudioVersion = 14.0.25420.1
MinimumVisualStudioVersion = 10.0.40219.1
Project("{2150E333-8FDC-42A3-9474-1A3956D46DE8}") = "NeuralNetwork", "NeuralNetwork", "{8558BD6B-5882-4F8B-A79D-DCBADDA7352C}"
EndProject
Project("{FAE04EC0-301F-11D3-BF4B-00C04F79EFBC}") = "MainProject", "MainProject\MainProject.csproj", "{DAF52F71-F533-4A2B-8F55-DF563F81C6DB}"
EndProject
Project("{FAE04EC0-301F-11D3-BF4B-00C04F79EFBC}") = "NeuralNetwork.Impl", "NeuralNetwork\NeuralNetwork.Impl\NeuralNetwork.Impl.csproj", "{12258F61-FB1E-4DE8-AFC3-79C9C16598ED}"
EndProject
Project("{FAE04EC0-301F-11D3-BF4B-00C04F79EFBC}") = "NeuralNetwork.Impl.Test", "NeuralNetwork\NeuralNetwork.Impl.Test\NeuralNetwork.Impl.Test.csproj", "{3FDDF73D-1B52-4CB3-9248-7B8FA8338EC4}"
EndProject
Project("{FAE04EC0-301F-11D3-BF4B-00C04F79EFBC}") = "NeuralNetworks.Public", "NeuralNetwork\NeuralNetworks.Public\NeuralNetworks.Public.csproj", "{6222425E-1768-40EF-8198-5EB72D0D083C}"
EndProject
Global
	GlobalSection(SolutionConfigurationPlatforms) = preSolution
		Debug|Any CPU = Debug|Any CPU
		Release|Any CPU = Release|Any CPU
	EndGlobalSection
	GlobalSection(ProjectConfigurationPlatforms) = postSolution
		{DAF52F71-F533-4A2B-8F55-DF563F81C6DB}.Debug|Any CPU.ActiveCfg = Debug|Any CPU
		{DAF52F71-F533-4A2B-8F55-DF563F81C6DB}.Debug|Any CPU.Build.0 = Debug|Any CPU
		{DAF52F71-F533-4A2B-8F55-DF563F81C6DB}.Release|Any CPU.ActiveCfg = Release|Any CPU
		{DAF52F71-F533-4A2B-8F55-DF563F81C6DB}.Release|Any CPU.Build.0 = Release|Any CPU
		{12258F61-FB1E-4DE8-AFC3-79C9C16598ED}.Debug|Any CPU.ActiveCfg = Debug|Any CPU
		{12258F61-FB1E-4DE8-AFC3-79C9C16598ED}.Debug|Any CPU.Build.0 = Debug|Any CPU
		{12258F61-FB1E-4DE8-AFC3-79C9C16598ED}.Release|Any CPU.ActiveCfg = Release|Any CPU
		{12258F61-FB1E-4DE8-AFC3-79C9C16598ED}.Release|Any CPU.Build.0 = Release|Any CPU
		{3FDDF73D-1B52-4CB3-9248-7B8FA8338EC4}.Debug|Any CPU.ActiveCfg = Debug|Any CPU
		{3FDDF73D-1B52-4CB3-9248-7B8FA8338EC4}.Debug|Any CPU.Build.0 = Debug|Any CPU
		{3FDDF73D-1B52-4CB3-9248-7B8FA8338EC4}.Release|Any CPU.ActiveCfg = Release|Any CPU
		{3FDDF73D-1B52-4CB3-9248-7B8FA8338EC4}.Release|Any CPU.Build.0 = Release|Any CPU
		{6222425E-1768-40EF-8198-5EB72D0D083C}.Debug|Any CPU.ActiveCfg = Debug|Any CPU
		{6222425E-1768-40EF-8198-5EB72D0D083C}.Debug|Any CPU.Build.0 = Debug|Any CPU
		{6222425E-1768-40EF-8198-5EB72D0D083C}.Release|Any CPU.ActiveCfg = Release|Any CPU
		{6222425E-1768-40EF-8198-5EB72D0D083C}.Release|Any CPU.Build.0 = Release|Any CPU
	EndGlobalSection
	GlobalSection(SolutionProperties) = preSolution
		HideSolutionNode = FALSE
	EndGlobalSection
	GlobalSection(NestedProjects) = preSolution
		{12258F61-FB1E-4DE8-AFC3-79C9C16598ED} = {8558BD6B-5882-4F8B-A79D-DCBADDA7352C}
		{3FDDF73D-1B52-4CB3-9248-7B8FA8338EC4} = {8558BD6B-5882-4F8B-A79D-DCBADDA7352C}
		{6222425E-1768-40EF-8198-5EB72D0D083C} = {8558BD6B-5882-4F8B-A79D-DCBADDA7352C}
	EndGlobalSection
EndGlobal
